
Microsoft Visual Studio Solution File, Format Version 10.00
# Visual Studio 2008
Project("{8BC9CEB8-8B4A-11D0-8D11-00A0C91BC942}") = "ImportRegPol", "ImportRegPol\ImportRegPol.vcproj", "{7CE81CDE-FDDA-40DD-A80F-8732A6FA34E3}"
EndProject
Global
	GlobalSection(SourceCodeControl) = preSolution
		SccNumberOfProjects = 2
		SccLocalPath0 = .
		SccProjectUniqueName1 = ImportRegPol\\ImportRegPol.vcproj
		SccLocalPath1 = .
		SccProjectFilePathRelativizedFromConnection1 = ImportRegPol\\
	EndGlobalSection
	GlobalSection(SolutionConfigurationPlatforms) = preSolution
		Debug|Win32 = Debug|Win32
		Release|Win32 = Release|Win32
	EndGlobalSection
	GlobalSection(ProjectConfigurationPlatforms) = postSolution
		{7CE81CDE-FDDA-40DD-A80F-8732A6FA34E3}.Debug|Win32.ActiveCfg = Debug|Win32
		{7CE81CDE-FDDA-40DD-A80F-8732A6FA34E3}.Debug|Win32.Build.0 = Debug|Win32
		{7CE81CDE-FDDA-40DD-A80F-8732A6FA34E3}.Release|Win32.ActiveCfg = Release|Win32
		{7CE81CDE-FDDA-40DD-A80F-8732A6FA34E3}.Release|Win32.Build.0 = Release|Win32
	EndGlobalSection
	GlobalSection(SolutionProperties) = preSolution
		HideSolutionNode = FALSE
	EndGlobalSection
EndGlobal
